
Microsoft Visual Studio Solution File, Format Version 12.00
# Visual Studio Version 17
VisualStudioVersion = 17.14.36511.14 d17.14
MinimumVisualStudioVersion = 10.0.40219.1
Project("{FAE04EC0-301F-11D3-BF4B-00C04F79EFBC}") = "TPWeb_equipo-23A", "TPWeb_equipo-23A.csproj", "{B1A39933-7631-41B1-A601-A22B16B32D57}"
EndProject
Global
	GlobalSection(SolutionConfigurationPlatforms) = preSolution
		Debug|Any CPU = Debug|Any CPU
		Release|Any CPU = Release|Any CPU
	EndGlobalSection
	GlobalSection(ProjectConfigurationPlatforms) = postSolution
		{B1A39933-7631-41B1-A601-A22B16B32D57}.Debug|Any CPU.ActiveCfg = Debug|Any CPU
		{B1A39933-7631-41B1-A601-A22B16B32D57}.Debug|Any CPU.Build.0 = Debug|Any CPU
		{B1A39933-7631-41B1-A601-A22B16B32D57}.Release|Any CPU.ActiveCfg = Release|Any CPU
		{B1A39933-7631-41B1-A601-A22B16B32D57}.Release|Any CPU.Build.0 = Release|Any CPU
	EndGlobalSection
	GlobalSection(SolutionProperties) = preSolution
		HideSolutionNode = FALSE
	EndGlobalSection
	GlobalSection(ExtensibilityGlobals) = postSolution
		SolutionGuid = {E02F289A-A642-416E-A976-C70A14413232}
	EndGlobalSection
EndGlobal
